// !$*UTF8*$!
{
	archiveVersion = 1;
	classes = {
	};
	objectVersion = 50;
	objects = {

/* Begin PBXBuildFile section */
		D937F6A921DB806B00DC0D17 /* AppDelegate.swift in Sources */ = {isa = PBXBuildFile; fileRef = D937F6A821DB806B00DC0D17 /* AppDelegate.swift */; };
		D937F6AB21DB806B00DC0D17 /* ViewController.swift in Sources */ = {isa = PBXBuildFile; fileRef = D937F6AA21DB806B00DC0D17 /* ViewController.swift */; };
		D937F6AE21DB806B00DC0D17 /* Main.storyboard in Resources */ = {isa = PBXBuildFile; fileRef = D937F6AC21DB806B00DC0D17 /* Main.storyboard */; };
		D937F6B021DB806C00DC0D17 /* Assets.xcassets in Resources */ = {isa = PBXBuildFile; fileRef = D937F6AF21DB806C00DC0D17 /* Assets.xcassets */; };
		D937F6B321DB806C00DC0D17 /* LaunchScreen.storyboard in Resources */ = {isa = PBXBuildFile; fileRef = D937F6B121DB806C00DC0D17 /* LaunchScreen.storyboard */; };
/* End PBXBuildFile section */

/* Begin PBXFileReference section */
		D937F6A521DB806B00DC0D17 /* play 3Ways.app */ = {isa = PBXFileReference; explicitFileType = wrapper.application; includeInIndex = 0; path = "play 3Ways.app"; sourceTree = BUILT_PRODUCTS_DIR; };
		D937F6A821DB806B00DC0D17 /* AppDelegate.swift */ = {isa = PBXFileReference; lastKnownFileType = sourcecode.swift; path = AppDelegate.swift; sourceTree = "<group>"; };
		D937F6AA21DB806B00DC0D17 /* ViewController.swift */ = {isa = PBXFileReference; lastKnownFileType = sourcecode.swift; path = ViewController.swift; sourceTree = "<group>"; };
		D937F6AD21DB806B00DC0D17 /* Base */ = {isa = PBXFileReference; lastKnownFileType = file.storyboard; name = Base; path = Base.lproj/Main.storyboard; sourceTree = "<group>"; };
		D937F6AF21DB806C00DC0D17 /* Assets.xcassets */ = {isa = PBXFileReference; lastKnownFileType = folder.assetcatalog; path = Assets.xcassets; sourceTree = "<group>"; };
		D937F6B221DB806C00DC0D17 /* Base */ = {isa = PBXFileReference; lastKnownFileType = file.storyboard; name = Base; path = Base.lproj/LaunchScreen.storyboard; sourceTree = "<group>"; };
		D937F6B421DB806C00DC0D17 /* Info.plist */ = {isa = PBXFileReference; lastKnownFileType = text.plist.xml; path = Info.plist; sourceTree = "<group>"; };
/* End PBXFileReference section */

/* Begin PBXFrameworksBuildPhase section */
		D937F6A221DB806B00DC0D17 /* Frameworks */ = {
			isa = PBXFrameworksBuildPhase;
			buildActionMask = 2147483647;
			files = (
			);
			runOnlyForDeploymentPostprocessing = 0;
		};
/* End PBXFrameworksBuildPhase section */

/* Begin PBXGroup section */
		D937F69C21DB806B00DC0D17 = {
			isa = PBXGroup;
			children = (
				D937F6A721DB806B00DC0D17 /* play 3Ways */,
				D937F6A621DB806B00DC0D17 /* Products */,
			);
			sourceTree = "<group>";
		};
		D937F6A621DB806B00DC0D17 /* Products */ = {
			isa = PBXGroup;
			children = (
				D937F6A521DB806B00DC0D17 /* play 3Ways.app */,
			);
			name = Products;
			sourceTree = "<group>";
		};
		D937F6A721DB806B00DC0D17 /* play 3Ways */ = {
			isa = PBXGroup;
			children = (
				D937F6A821DB806B00DC0D17 /* AppDelegate.swift */,
				D937F6AA21DB806B00DC0D17 /* ViewController.swift */,
				D937F6AC21DB806B00DC0D17 /* Main.storyboard */,
				D937F6AF21DB806C00DC0D17 /* Assets.xcassets */,
				D937F6B121DB806C00DC0D17 /* LaunchScreen.storyboard */,
				D937F6B421DB806C00DC0D17 /* Info.plist */,
			);
			path = "play 3Ways";
			sourceTree = "<group>";
		};
/* End PBXGroup section */

/* Begin PBXNativeTarget section */
		D937F6A421DB806B00DC0D17 /* play 3Ways */ = {
			isa = PBXNativeTarget;
			buildConfigurationList = D937F6B721DB806C00DC0D17 /* Build configuration list for PBXNativeTarget "play 3Ways" */;
			buildPhases = (
				D937F6A121DB806B00DC0D17 /* Sources */,
				D937F6A221DB806B00DC0D17 /* Frameworks */,
				D937F6A321DB806B00DC0D17 /* Resources */,
			);
			buildRules = (
			);
			dependencies = (
			);
			name = "play 3Ways";
			productName = "play 3Ways";
			productReference = D937F6A521DB806B00DC0D17 /* play 3Ways.app */;
			productType = "com.apple.product-type.application";
		};
/* End PBXNativeTarget section */

/* Begin PBXProject section */
		D937F69D21DB806B00DC0D17 /* Project object */ = {
			isa = PBXProject;
			attributes = {
				LastSwiftUpdateCheck = 1010;
				LastUpgradeCheck = 1010;
				ORGANIZATIONNAME = mohamed;
				TargetAttributes = {
					D937F6A421DB806B00DC0D17 = {
						CreatedOnToolsVersion = 10.1;
					};
				};
			};
			buildConfigurationList = D937F6A021DB806B00DC0D17 /* Build configuration list for PBXProject "play 3Ways" */;
			compatibilityVersion = "Xcode 9.3";
			developmentRegion = en;
			hasScannedForEncodings = 0;
			knownRegions = (
				en,
				Base,
			);
			mainGroup = D937F69C21DB806B00DC0D17;
			productRefGroup = D937F6A621DB806B00DC0D17 /* Products */;
			projectDirPath = "";
			projectRoot = "";
			targets = (
				D937F6A421DB806B00DC0D17 /* play 3Ways */,
			);
		};
/* End PBXProject section */

/* Begin PBXResourcesBuildPhase section */
		D937F6A321DB806B00DC0D17 /* Resources */ = {
			isa = PBXResourcesBuildPhase;
			buildActionMask = 2147483647;
			files = (
				D937F6B321DB806C00DC0D17 /* LaunchScreen.storyboard in Resources */,
				D937F6B021DB806C00DC0D17 /* Assets.xcassets in Resources */,
				D937F6AE21DB806B00DC0D17 /* Main.storyboard in Resources */,
			);
			runOnlyForDeploymentPostprocessing = 0;
		};
/* End PBXResourcesBuildPhase section */

/* Begin PBXSourcesBuildPhase section */
		D937F6A121DB806B00DC0D17 /* Sources */ = {
			isa = PBXSourcesBuildPhase;
			buildActionMask = 2147483647;
			files = (
				D937F6AB21DB806B00DC0D17 /* ViewController.swift in Sources */,
				D937F6A921DB806B00DC0D17 /* AppDelegate.swift in Sources */,
			);
			runOnlyForDeploymentPostprocessing = 0;
		};
/* End PBXSourcesBuildPhase section */

/* Begin PBXVariantGroup section */
		D937F6AC21DB806B00DC0D17 /* Main.storyboard */ = {
			isa = PBXVariantGroup;
			children = (
				D937F6AD21DB806B00DC0D17 /* Base */,
			);
			name = Main.storyboard;
			sourceTree = "<group>";
		};
		D937F6B121DB806C00DC0D17 /* LaunchScreen.storyboard */ = {
			isa = PBXVariantGroup;
			children = (
				D937F6B221DB806C00DC0D17 /* Base */,
			);
			name = LaunchScreen.storyboard;
			sourceTree = "<group>";
		};
/* End PBXVariantGroup section */

/* Begin XCBuildConfiguration section */
		D937F6B521DB806C00DC0D17 /* Debug */ = {
			isa = XCBuildConfiguration;
			buildSettings = {
				ALWAYS_SEARCH_USER_PATHS = NO;
				CLANG_ANALYZER_NONNULL = YES;
				CLANG_ANALYZER_NUMBER_OBJECT_CONVERSION = YES_AGGRESSIVE;
				CLANG_CXX_LANGUAGE_STANDARD = "gnu++14";
				CLANG_CXX_LIBRARY = "libc++";
				CLANG_ENABLE_MODULES = YES;
				CLANG_ENABLE_OBJC_ARC = YES;
				CLANG_ENABLE_OBJC_WEAK = YES;
				CLANG_WARN_BLOCK_CAPTURE_AUTORELEASING = YES;
				CLANG_WARN_BOOL_CONVERSION = YES;
				CLANG_WARN_COMMA = YES;
				CLANG_WARN_CONSTANT_CONVERSION = YES;
				CLANG_WARN_DEPRECATED_OBJC_IMPLEMENTATIONS = YES;
				CLANG_WARN_DIRECT_OBJC_ISA_USAGE = YES_ERROR;
				CLANG_WARN_DOCUMENTATION_COMMENTS = YES;
				CLANG_WARN_EMPTY_BODY = YES;
				CLANG_WARN_ENUM_CONVERSION = YES;
				CLANG_WARN_INFINITE_RECURSION = YES;
				CLANG_WARN_INT_CONVERSION = YES;
				CLANG_WARN_NON_LITERAL_NULL_CONVERSION = YES;
				CLANG_WARN_OBJC_IMPLICIT_RETAIN_SELF = YES;
				CLANG_WARN_OBJC_LITERAL_CONVERSION = YES;
				CLANG_WARN_OBJC_ROOT_CLASS = YES_ERROR;
				CLANG_WARN_RANGE_LOOP_ANALYSIS = YES;
				CLANG_WARN_STRICT_PROTOTYPES = YES;
				CLANG_WARN_SUSPICIOUS_MOVE = YES;
				CLANG_WARN_UNGUARDED_AVAILABILITY = YES_AGGRESSIVE;
				CLANG_WARN_UNREACHABLE_CODE = YES;
				CLANG_WARN__DUPLICATE_METHOD_MATCH = YES;
				CODE_SIGN_IDENTITY = "iPhone Developer";
				COPY_PHASE_STRIP = NO;
				DEBUG_INFORMATION_FORMAT = dwarf;
				ENABLE_STRICT_OBJC_MSGSEND = YES;
				ENABLE_TESTABILITY = YES;
				GCC_C_LANGUAGE_STANDARD = gnu11;
				GCC_DYNAMIC_NO_PIC = NO;
				GCC_NO_COMMON_BLOCKS = YES;
				GCC_OPTIMIZATION_LEVEL = 0;
				GCC_PREPROCESSOR_DEFINITIONS = (
					"DEBUG=1",
					"$(inherited)",
				);
				GCC_WARN_64_TO_32_BIT_CONVERSION = YES;
				GCC_WARN_ABOUT_RETURN_TYPE = YES_ERROR;
				GCC_WARN_UNDECLARED_SELECTOR = YES;
				GCC_WARN_UNINITIALIZED_AUTOS = YES_AGGRESSIVE;
				GCC_WARN_UNUSED_FUNCTION = YES;
				GCC_WARN_UNUSED_VARIABLE = YES;
				IPHONEOS_DEPLOYMENT_TARGET = 12.1;
				MTL_ENABLE_DEBUG_INFO = INCLUDE_SOURCE;
				MTL_FAST_MATH = YES;
				ONLY_ACTIVE_ARCH = YES;
				SDKROOT = iphoneos;
				SWIFT_ACTIVE_COMPILATION_CONDITIONS = DEBUG;
				SWIFT_OPTIMIZATION_LEVEL = "-Onone";
			};
			name = Debug;
		};
		D937F6B621DB806C00DC0D17 /* Release */ = {
			isa = XCBuildConfiguration;
			buildSettings = {
				ALWAYS_SEARCH_USER_PATHS = NO;
				CLANG_ANALYZER_NONNULL = YES;
				CLANG_ANALYZER_NUMBER_OBJECT_CONVERSION = YES_AGGRESSIVE;
				CLANG_CXX_LANGUAGE_STANDARD = "gnu++14";
				CLANG_CXX_LIBRARY = "libc++";
				CLANG_ENABLE_MODULES = YES;
				CLANG_ENABLE_OBJC_ARC = YES;
				CLANG_ENABLE_OBJC_WEAK = YES;
				CLANG_WARN_BLOCK_CAPTURE_AUTORELEASING = YES;
				CLANG_WARN_BOOL_CONVERSION = YES;
				CLANG_WARN_COMMA = YES;
				CLANG_WARN_CONSTANT_CONVERSION = YES;
				CLANG_WARN_DEPRECATED_OBJC_IMPLEMENTATIONS = YES;
				CLANG_WARN_DIRECT_OBJC_ISA_USAGE = YES_ERROR;
				CLANG_WARN_DOCUMENTATION_COMMENTS = YES;
				CLANG_WARN_EMPTY_BODY = YES;
				CLANG_WARN_ENUM_CONVERSION = YES;
				CLANG_WARN_INFINITE_RECURSION = YES;
				CLANG_WARN_INT_CONVERSION = YES;
				CLANG_WARN_NON_LITERAL_NULL_CONVERSION = YES;
				CLANG_WARN_OBJC_IMPLICIT_RETAIN_SELF = YES;
				CLANG_WARN_OBJC_LITERAL_CONVERSION = YES;
				CLANG_WARN_OBJC_ROOT_CLASS = YES_ERROR;
				CLANG_WARN_RANGE_LOOP_ANALYSIS = YES;
				CLANG_WARN_STRICT_PROTOTYPES = YES;
				CLANG_WARN_SUSPICIOUS_MOVE = YES;
				CLANG_WARN_UNGUARDED_AVAILABILITY = YES_AGGRESSIVE;
				CLANG_WARN_UNREACHABLE_CODE = YES;
				CLANG_WARN__DUPLICATE_METHOD_MATCH = YES;
				CODE_SIGN_IDENTITY = "iPhone Developer";
				COPY_PHASE_STRIP = NO;
				DEBUG_INFORMATION_FORMAT = "dwarf-with-dsym";
				ENABLE_NS_ASSERTIONS = NO;
				ENABLE_STRICT_OBJC_MSGSEND = YES;
				GCC_C_LANGUAGE_STANDARD = gnu11;
				GCC_NO_COMMON_BLOCKS = YES;
				GCC_WARN_64_TO_32_BIT_CONVERSION = YES;
				GCC_WARN_ABOUT_RETURN_TYPE = YES_ERROR;
				GCC_WARN_UNDECLARED_SELECTOR = YES;
				GCC_WARN_UNINITIALIZED_AUTOS = YES_AGGRESSIVE;
				GCC_WARN_UNUSED_FUNCTION = YES;
				GCC_WARN_UNUSED_VARIABLE = YES;
				IPHONEOS_DEPLOYMENT_TARGET = 12.1;
				MTL_ENABLE_DEBUG_INFO = NO;
				MTL_FAST_MATH = YES;
				SDKROOT = iphoneos;
				SWIFT_COMPILATION_MODE = wholemodule;
				SWIFT_OPTIMIZATION_LEVEL = "-O";
				VALIDATE_PRODUCT = YES;
			};
			name = Release;
		};
		D937F6B821DB806C00DC0D17 /* Debug */ = {
			isa = XCBuildConfiguration;
			buildSettings = {
				ASSETCATALOG_COMPILER_APPICON_NAME = AppIcon;
				CODE_SIGN_STYLE = Automatic;
				DEVELOPMENT_TEAM = 548A5A328G;
				INFOPLIST_FILE = "play 3Ways/Info.plist";
				LD_RUNPATH_SEARCH_PATHS = (
					"$(inherited)",
					"@executable_path/Frameworks",
				);
				PRODUCT_BUNDLE_IDENTIFIER = "naim.play-3Ways";
				PRODUCT_NAME = "$(TARGET_NAME)";
				SWIFT_VERSION = 4.2;
				TARGETED_DEVICE_FAMILY = "1,2";
			};
			name = Debug;
		};
		D937F6B921DB806C00DC0D17 /* Release */ = {
			isa = XCBuildConfiguration;
			buildSettings = {
				ASSETCATALOG_COMPILER_APPICON_NAME = AppIcon;
				CODE_SIGN_STYLE = Automatic;
				DEVELOPMENT_TEAM = 548A5A328G;
				INFOPLIST_FILE = "play 3Ways/Info.plist";
				LD_RUNPATH_SEARCH_PATHS = (
					"$(inherited)",
					"@executable_path/Frameworks",
				);
				PRODUCT_BUNDLE_IDENTIFIER = "naim.play-3Ways";
				PRODUCT_NAME = "$(TARGET_NAME)";
				SWIFT_VERSION = 4.2;
				TARGETED_DEVICE_FAMILY = "1,2";
			};
			name = Release;
		};
/* End XCBuildConfiguration section */

/* Begin XCConfigurationList section */
		D937F6A021DB806B00DC0D17 /* Build configuration list for PBXProject "play 3Ways" */ = {
			isa = XCConfigurationList;
			buildConfigurations = (
				D937F6B521DB806C00DC0D17 /* Debug */,
				D937F6B621DB806C00DC0D17 /* Release */,
			);
			defaultConfigurationIsVisible = 0;
			defaultConfigurationName = Release;
		};
		D937F6B721DB806C00DC0D17 /* Build configuration list for PBXNativeTarget "play 3Ways" */ = {
			isa = XCConfigurationList;
			buildConfigurations = (
				D937F6B821DB806C00DC0D17 /* Debug */,
				D937F6B921DB806C00DC0D17 /* Release */,
			);
			defaultConfigurationIsVisible = 0;
			defaultConfigurationName = Release;
		};
/* End XCConfigurationList section */
	};
	rootObject = D937F69D21DB806B00DC0D17 /* Project object */;
}
